
Microsoft Visual Studio Solution File, Format Version 12.00
# Visual Studio 15
VisualStudioVersion = 15.0.27703.2026
MinimumVisualStudioVersion = 10.0.40219.1
Project("{8BC9CEB8-8B4A-11D0-8D11-00A0C91BC942}") = "osgAddDepen", "OSGStudyProject\OSGStudyProject.vcxproj", "{CBDB09BC-1C1E-49E4-B761-C5BE4F393EF7}"
EndProject
Project("{8BC9CEB8-8B4A-11D0-8D11-00A0C91BC942}") = "osgHello", "osgHello\osgHello.vcxproj", "{211E7B64-F213-4DC1-BD8F-BDB573C84359}"
EndProject
Project("{8BC9CEB8-8B4A-11D0-8D11-00A0C91BC942}") = "osgRefPtr", "osgRefPtr\osgRefPtr.vcxproj", "{87D5F89F-AB16-44BD-A2A4-8E241B167E07}"
EndProject
Project("{8BC9CEB8-8B4A-11D0-8D11-00A0C91BC942}") = "osgBasicPrimitives", "osgBasicPrimitives\osgBasicPrimitives.vcxproj", "{0A1C6478-B224-4F6B-8801-F781AED37524}"
EndProject
Project("{8BC9CEB8-8B4A-11D0-8D11-00A0C91BC942}") = "osgMatrixOperations", "osgMatrixOperations\osgMatrixOperations.vcxproj", "{073C09DB-E14A-4755-AFB5-43BB2091D4D4}"
	ProjectSection(ProjectDependencies) = postProject
		{CBDB09BC-1C1E-49E4-B761-C5BE4F393EF7} = {CBDB09BC-1C1E-49E4-B761-C5BE4F393EF7}
	EndProjectSection
EndProject
Project("{8BC9CEB8-8B4A-11D0-8D11-00A0C91BC942}") = "osgReMatrixOperations", "osgReMatrixOperations\osgReMatrixOperations.vcxproj", "{D570A807-2D62-4E5B-84B2-F7B447ACF2A1}"
EndProject
Global
	GlobalSection(SolutionConfigurationPlatforms) = preSolution
		Debug|x64 = Debug|x64
		Debug|x86 = Debug|x86
		Release|x64 = Release|x64
		Release|x86 = Release|x86
	EndGlobalSection
	GlobalSection(ProjectConfigurationPlatforms) = postSolution
		{CBDB09BC-1C1E-49E4-B761-C5BE4F393EF7}.Debug|x64.ActiveCfg = Debug|x64
		{CBDB09BC-1C1E-49E4-B761-C5BE4F393EF7}.Debug|x64.Build.0 = Debug|x64
		{CBDB09BC-1C1E-49E4-B761-C5BE4F393EF7}.Debug|x86.ActiveCfg = Debug|Win32
		{CBDB09BC-1C1E-49E4-B761-C5BE4F393EF7}.Debug|x86.Build.0 = Debug|Win32
		{CBDB09BC-1C1E-49E4-B761-C5BE4F393EF7}.Release|x64.ActiveCfg = Release|x64
		{CBDB09BC-1C1E-49E4-B761-C5BE4F393EF7}.Release|x64.Build.0 = Release|x64
		{CBDB09BC-1C1E-49E4-B761-C5BE4F393EF7}.Release|x86.ActiveCfg = Release|Win32
		{CBDB09BC-1C1E-49E4-B761-C5BE4F393EF7}.Release|x86.Build.0 = Release|Win32
		{211E7B64-F213-4DC1-BD8F-BDB573C84359}.Debug|x64.ActiveCfg = Debug|x64
		{211E7B64-F213-4DC1-BD8F-BDB573C84359}.Debug|x64.Build.0 = Debug|x64
		{211E7B64-F213-4DC1-BD8F-BDB573C84359}.Debug|x86.ActiveCfg = Debug|Win32
		{211E7B64-F213-4DC1-BD8F-BDB573C84359}.Debug|x86.Build.0 = Debug|Win32
		{211E7B64-F213-4DC1-BD8F-BDB573C84359}.Release|x64.ActiveCfg = Release|x64
		{211E7B64-F213-4DC1-BD8F-BDB573C84359}.Release|x64.Build.0 = Release|x64
		{211E7B64-F213-4DC1-BD8F-BDB573C84359}.Release|x86.ActiveCfg = Release|Win32
		{211E7B64-F213-4DC1-BD8F-BDB573C84359}.Release|x86.Build.0 = Release|Win32
		{87D5F89F-AB16-44BD-A2A4-8E241B167E07}.Debug|x64.ActiveCfg = Debug|x64
		{87D5F89F-AB16-44BD-A2A4-8E241B167E07}.Debug|x64.Build.0 = Debug|x64
		{87D5F89F-AB16-44BD-A2A4-8E241B167E07}.Debug|x86.ActiveCfg = Debug|Win32
		{87D5F89F-AB16-44BD-A2A4-8E241B167E07}.Debug|x86.Build.0 = Debug|Win32
		{87D5F89F-AB16-44BD-A2A4-8E241B167E07}.Release|x64.ActiveCfg = Release|x64
		{87D5F89F-AB16-44BD-A2A4-8E241B167E07}.Release|x64.Build.0 = Release|x64
		{87D5F89F-AB16-44BD-A2A4-8E241B167E07}.Release|x86.ActiveCfg = Release|Win32
		{87D5F89F-AB16-44BD-A2A4-8E241B167E07}.Release|x86.Build.0 = Release|Win32
		{0A1C6478-B224-4F6B-8801-F781AED37524}.Debug|x64.ActiveCfg = Debug|x64
		{0A1C6478-B224-4F6B-8801-F781AED37524}.Debug|x64.Build.0 = Debug|x64
		{0A1C6478-B224-4F6B-8801-F781AED37524}.Debug|x86.ActiveCfg = Debug|Win32
		{0A1C6478-B224-4F6B-8801-F781AED37524}.Debug|x86.Build.0 = Debug|Win32
		{0A1C6478-B224-4F6B-8801-F781AED37524}.Release|x64.ActiveCfg = Release|x64
		{0A1C6478-B224-4F6B-8801-F781AED37524}.Release|x64.Build.0 = Release|x64
		{0A1C6478-B224-4F6B-8801-F781AED37524}.Release|x86.ActiveCfg = Release|Win32
		{0A1C6478-B224-4F6B-8801-F781AED37524}.Release|x86.Build.0 = Release|Win32
		{073C09DB-E14A-4755-AFB5-43BB2091D4D4}.Debug|x64.ActiveCfg = Debug|x64
		{073C09DB-E14A-4755-AFB5-43BB2091D4D4}.Debug|x64.Build.0 = Debug|x64
		{073C09DB-E14A-4755-AFB5-43BB2091D4D4}.Debug|x86.ActiveCfg = Debug|Win32
		{073C09DB-E14A-4755-AFB5-43BB2091D4D4}.Debug|x86.Build.0 = Debug|Win32
		{073C09DB-E14A-4755-AFB5-43BB2091D4D4}.Release|x64.ActiveCfg = Release|x64
		{073C09DB-E14A-4755-AFB5-43BB2091D4D4}.Release|x64.Build.0 = Release|x64
		{073C09DB-E14A-4755-AFB5-43BB2091D4D4}.Release|x86.ActiveCfg = Release|Win32
		{073C09DB-E14A-4755-AFB5-43BB2091D4D4}.Release|x86.Build.0 = Release|Win32
		{D570A807-2D62-4E5B-84B2-F7B447ACF2A1}.Debug|x64.ActiveCfg = Debug|x64
		{D570A807-2D62-4E5B-84B2-F7B447ACF2A1}.Debug|x64.Build.0 = Debug|x64
		{D570A807-2D62-4E5B-84B2-F7B447ACF2A1}.Debug|x86.ActiveCfg = Debug|Win32
		{D570A807-2D62-4E5B-84B2-F7B447ACF2A1}.Debug|x86.Build.0 = Debug|Win32
		{D570A807-2D62-4E5B-84B2-F7B447ACF2A1}.Release|x64.ActiveCfg = Release|x64
		{D570A807-2D62-4E5B-84B2-F7B447ACF2A1}.Release|x64.Build.0 = Release|x64
		{D570A807-2D62-4E5B-84B2-F7B447ACF2A1}.Release|x86.ActiveCfg = Release|Win32
		{D570A807-2D62-4E5B-84B2-F7B447ACF2A1}.Release|x86.Build.0 = Release|Win32
	EndGlobalSection
	GlobalSection(SolutionProperties) = preSolution
		HideSolutionNode = FALSE
	EndGlobalSection
	GlobalSection(ExtensibilityGlobals) = postSolution
		SolutionGuid = {FCA23E75-C25A-4273-ADBD-B769D927E601}
	EndGlobalSection
EndGlobal
